
Microsoft Visual Studio Solution File, Format Version 12.00
# Visual Studio Version 16
VisualStudioVersion = 16.0.29911.84
MinimumVisualStudioVersion = 10.0.40219.1
Project("{2150E333-8FDC-42A3-9474-1A3956D46DE8}") = "src", "src", "{CDC70B06-C1C5-45C6-9AD0-E78DEA87607A}"
EndProject
Project("{2150E333-8FDC-42A3-9474-1A3956D46DE8}") = "Catalog", "Catalog", "{F9640CD3-7429-4CAF-A26F-D962D78CD678}"
EndProject
Project("{9A19103F-16F7-4668-BE54-9A1E7A4F7556}") = "Catalog.API", "src\Catalog\Catalog.API\Catalog.API.csproj", "{2606D8A0-60BB-4889-BFE3-0B47232185E6}"
EndProject
Project("{E53339B2-1760-4266-BCC7-CA923CBCF16C}") = "docker-compose", "docker-compose.dcproj", "{EE39F3AC-F3D5-45D5-864A-BFD766A67A36}"
EndProject
Project("{2150E333-8FDC-42A3-9474-1A3956D46DE8}") = "Basket", "Basket", "{761ED7A8-A0B5-4139-83B9-62374C200EE1}"
EndProject
Project("{9A19103F-16F7-4668-BE54-9A1E7A4F7556}") = "Basket.API", "src\Basket\Basket.API\Basket.API.csproj", "{71D1CF9E-111C-43FE-B82D-19C80E701667}"
EndProject
Project("{2150E333-8FDC-42A3-9474-1A3956D46DE8}") = "Common", "Common", "{CAB4C37C-862D-4FD2-9FCC-01BB4E7AD562}"
EndProject
Project("{9A19103F-16F7-4668-BE54-9A1E7A4F7556}") = "EventBusRabbitMQ", "src\Common\EventBusRabbitMQ\EventBusRabbitMQ.csproj", "{30FF03BE-B41F-46A2-98DF-72D48EB11887}"
EndProject
Project("{2150E333-8FDC-42A3-9474-1A3956D46DE8}") = "Ordering", "Ordering", "{447D13AC-E3D4-4B55-B29F-D2DF4427D152}"
EndProject
Project("{FAE04EC0-301F-11D3-BF4B-00C04F79EFBC}") = "Ordering.API", "src\Ordering\Ordering.API\Ordering.API.csproj", "{BDB42EB2-C2BD-4A53-BB8B-3E339FD5F8C6}"
EndProject
Project("{FAE04EC0-301F-11D3-BF4B-00C04F79EFBC}") = "Ordering.Core", "src\Ordering\Ordering.Core\Ordering.Core.csproj", "{DD128651-9F01-4D62-B2A9-DFB6E5AEF023}"
EndProject
Project("{FAE04EC0-301F-11D3-BF4B-00C04F79EFBC}") = "Ordering.Infrastructure", "src\Ordering\Ordering.Infrastructure\Ordering.Infrastructure.csproj", "{25F88CFA-0C07-46DB-8B4C-2C87A472341B}"
EndProject
Project("{FAE04EC0-301F-11D3-BF4B-00C04F79EFBC}") = "Ordering.Application", "src\Ordering\Ordering.Application\Ordering.Application.csproj", "{7540DF43-6681-4E1B-B640-5D9F8C5D80BE}"
EndProject
Global
	GlobalSection(SolutionConfigurationPlatforms) = preSolution
		Debug|Any CPU = Debug|Any CPU
		Release|Any CPU = Release|Any CPU
	EndGlobalSection
	GlobalSection(ProjectConfigurationPlatforms) = postSolution
		{2606D8A0-60BB-4889-BFE3-0B47232185E6}.Debug|Any CPU.ActiveCfg = Debug|Any CPU
		{2606D8A0-60BB-4889-BFE3-0B47232185E6}.Debug|Any CPU.Build.0 = Debug|Any CPU
		{2606D8A0-60BB-4889-BFE3-0B47232185E6}.Release|Any CPU.ActiveCfg = Release|Any CPU
		{2606D8A0-60BB-4889-BFE3-0B47232185E6}.Release|Any CPU.Build.0 = Release|Any CPU
		{EE39F3AC-F3D5-45D5-864A-BFD766A67A36}.Debug|Any CPU.ActiveCfg = Debug|Any CPU
		{EE39F3AC-F3D5-45D5-864A-BFD766A67A36}.Debug|Any CPU.Build.0 = Debug|Any CPU
		{EE39F3AC-F3D5-45D5-864A-BFD766A67A36}.Release|Any CPU.ActiveCfg = Release|Any CPU
		{EE39F3AC-F3D5-45D5-864A-BFD766A67A36}.Release|Any CPU.Build.0 = Release|Any CPU
		{71D1CF9E-111C-43FE-B82D-19C80E701667}.Debug|Any CPU.ActiveCfg = Debug|Any CPU
		{71D1CF9E-111C-43FE-B82D-19C80E701667}.Debug|Any CPU.Build.0 = Debug|Any CPU
		{71D1CF9E-111C-43FE-B82D-19C80E701667}.Release|Any CPU.ActiveCfg = Release|Any CPU
		{71D1CF9E-111C-43FE-B82D-19C80E701667}.Release|Any CPU.Build.0 = Release|Any CPU
		{30FF03BE-B41F-46A2-98DF-72D48EB11887}.Debug|Any CPU.ActiveCfg = Debug|Any CPU
		{30FF03BE-B41F-46A2-98DF-72D48EB11887}.Debug|Any CPU.Build.0 = Debug|Any CPU
		{30FF03BE-B41F-46A2-98DF-72D48EB11887}.Release|Any CPU.ActiveCfg = Release|Any CPU
		{30FF03BE-B41F-46A2-98DF-72D48EB11887}.Release|Any CPU.Build.0 = Release|Any CPU
		{BDB42EB2-C2BD-4A53-BB8B-3E339FD5F8C6}.Debug|Any CPU.ActiveCfg = Debug|Any CPU
		{BDB42EB2-C2BD-4A53-BB8B-3E339FD5F8C6}.Debug|Any CPU.Build.0 = Debug|Any CPU
		{BDB42EB2-C2BD-4A53-BB8B-3E339FD5F8C6}.Release|Any CPU.ActiveCfg = Release|Any CPU
		{BDB42EB2-C2BD-4A53-BB8B-3E339FD5F8C6}.Release|Any CPU.Build.0 = Release|Any CPU
		{DD128651-9F01-4D62-B2A9-DFB6E5AEF023}.Debug|Any CPU.ActiveCfg = Debug|Any CPU
		{DD128651-9F01-4D62-B2A9-DFB6E5AEF023}.Debug|Any CPU.Build.0 = Debug|Any CPU
		{DD128651-9F01-4D62-B2A9-DFB6E5AEF023}.Release|Any CPU.ActiveCfg = Release|Any CPU
		{DD128651-9F01-4D62-B2A9-DFB6E5AEF023}.Release|Any CPU.Build.0 = Release|Any CPU
		{25F88CFA-0C07-46DB-8B4C-2C87A472341B}.Debug|Any CPU.ActiveCfg = Debug|Any CPU
		{25F88CFA-0C07-46DB-8B4C-2C87A472341B}.Debug|Any CPU.Build.0 = Debug|Any CPU
		{25F88CFA-0C07-46DB-8B4C-2C87A472341B}.Release|Any CPU.ActiveCfg = Release|Any CPU
		{25F88CFA-0C07-46DB-8B4C-2C87A472341B}.Release|Any CPU.Build.0 = Release|Any CPU
		{7540DF43-6681-4E1B-B640-5D9F8C5D80BE}.Debug|Any CPU.ActiveCfg = Debug|Any CPU
		{7540DF43-6681-4E1B-B640-5D9F8C5D80BE}.Debug|Any CPU.Build.0 = Debug|Any CPU
		{7540DF43-6681-4E1B-B640-5D9F8C5D80BE}.Release|Any CPU.ActiveCfg = Release|Any CPU
		{7540DF43-6681-4E1B-B640-5D9F8C5D80BE}.Release|Any CPU.Build.0 = Release|Any CPU
	EndGlobalSection
	GlobalSection(SolutionProperties) = preSolution
		HideSolutionNode = FALSE
	EndGlobalSection
	GlobalSection(NestedProjects) = preSolution
		{F9640CD3-7429-4CAF-A26F-D962D78CD678} = {CDC70B06-C1C5-45C6-9AD0-E78DEA87607A}
		{2606D8A0-60BB-4889-BFE3-0B47232185E6} = {F9640CD3-7429-4CAF-A26F-D962D78CD678}
		{761ED7A8-A0B5-4139-83B9-62374C200EE1} = {CDC70B06-C1C5-45C6-9AD0-E78DEA87607A}
		{71D1CF9E-111C-43FE-B82D-19C80E701667} = {761ED7A8-A0B5-4139-83B9-62374C200EE1}
		{CAB4C37C-862D-4FD2-9FCC-01BB4E7AD562} = {CDC70B06-C1C5-45C6-9AD0-E78DEA87607A}
		{30FF03BE-B41F-46A2-98DF-72D48EB11887} = {CAB4C37C-862D-4FD2-9FCC-01BB4E7AD562}
		{447D13AC-E3D4-4B55-B29F-D2DF4427D152} = {CDC70B06-C1C5-45C6-9AD0-E78DEA87607A}
		{BDB42EB2-C2BD-4A53-BB8B-3E339FD5F8C6} = {447D13AC-E3D4-4B55-B29F-D2DF4427D152}
		{DD128651-9F01-4D62-B2A9-DFB6E5AEF023} = {447D13AC-E3D4-4B55-B29F-D2DF4427D152}
		{25F88CFA-0C07-46DB-8B4C-2C87A472341B} = {447D13AC-E3D4-4B55-B29F-D2DF4427D152}
		{7540DF43-6681-4E1B-B640-5D9F8C5D80BE} = {447D13AC-E3D4-4B55-B29F-D2DF4427D152}
	EndGlobalSection
	GlobalSection(ExtensibilityGlobals) = postSolution
		SolutionGuid = {BBFCD0A1-55AF-4DBD-A5F8-3382A39EE578}
	EndGlobalSection
EndGlobal
