
Microsoft Visual Studio Solution File, Format Version 12.00
# Visual Studio Version 16
VisualStudioVersion = 16.0.29911.84
MinimumVisualStudioVersion = 10.0.40219.1
Project("{2150E333-8FDC-42A3-9474-1A3956D46DE8}") = "src", "src", "{CDC70B06-C1C5-45C6-9AD0-E78DEA87607A}"
EndProject
Project("{2150E333-8FDC-42A3-9474-1A3956D46DE8}") = "Catalog", "Catalog", "{F9640CD3-7429-4CAF-A26F-D962D78CD678}"
EndProject
Project("{9A19103F-16F7-4668-BE54-9A1E7A4F7556}") = "Catalog.API", "src\Catalog\Catalog.API\Catalog.API.csproj", "{2606D8A0-60BB-4889-BFE3-0B47232185E6}"
EndProject
Project("{E53339B2-1760-4266-BCC7-CA923CBCF16C}") = "docker-compose", "docker-compose.dcproj", "{EE39F3AC-F3D5-45D5-864A-BFD766A67A36}"
EndProject
Global
	GlobalSection(SolutionConfigurationPlatforms) = preSolution
		Debug|Any CPU = Debug|Any CPU
		Release|Any CPU = Release|Any CPU
	EndGlobalSection
	GlobalSection(ProjectConfigurationPlatforms) = postSolution
		{2606D8A0-60BB-4889-BFE3-0B47232185E6}.Debug|Any CPU.ActiveCfg = Debug|Any CPU
		{2606D8A0-60BB-4889-BFE3-0B47232185E6}.Debug|Any CPU.Build.0 = Debug|Any CPU
		{2606D8A0-60BB-4889-BFE3-0B47232185E6}.Release|Any CPU.ActiveCfg = Release|Any CPU
		{2606D8A0-60BB-4889-BFE3-0B47232185E6}.Release|Any CPU.Build.0 = Release|Any CPU
		{EE39F3AC-F3D5-45D5-864A-BFD766A67A36}.Debug|Any CPU.ActiveCfg = Debug|Any CPU
		{EE39F3AC-F3D5-45D5-864A-BFD766A67A36}.Debug|Any CPU.Build.0 = Debug|Any CPU
		{EE39F3AC-F3D5-45D5-864A-BFD766A67A36}.Release|Any CPU.ActiveCfg = Release|Any CPU
		{EE39F3AC-F3D5-45D5-864A-BFD766A67A36}.Release|Any CPU.Build.0 = Release|Any CPU
	EndGlobalSection
	GlobalSection(SolutionProperties) = preSolution
		HideSolutionNode = FALSE
	EndGlobalSection
	GlobalSection(NestedProjects) = preSolution
		{F9640CD3-7429-4CAF-A26F-D962D78CD678} = {CDC70B06-C1C5-45C6-9AD0-E78DEA87607A}
		{2606D8A0-60BB-4889-BFE3-0B47232185E6} = {F9640CD3-7429-4CAF-A26F-D962D78CD678}
	EndGlobalSection
	GlobalSection(ExtensibilityGlobals) = postSolution
		SolutionGuid = {BBFCD0A1-55AF-4DBD-A5F8-3382A39EE578}
	EndGlobalSection
EndGlobal
